# @generated - this file is auto-generated by `mise lock` https://mise.jdx.dev/dev-tools/mise-lock.html

[[tools."aqua:chmln/sd"]]
version = "1.1.0"
backend = "aqua:chmln/sd"

[tools."aqua:chmln/sd"."platforms.linux-arm64"]
checksum = "sha256:ec8c93c0533ff21f4851d11566808d4082544baf063d9b96ea77c27e98b7cd99"
url = "https://github.com/chmln/sd/releases/download/v1.1.0/sd-v1.1.0-aarch64-unknown-linux-musl.tar.gz"

[tools."aqua:chmln/sd"."platforms.linux-x64"]
checksum = "sha256:02f00f4777d43e8e95b7b8d49e1a0d6e502fed4b8e79c1c8b8063857a30caa2e"
url = "https://github.com/chmln/sd/releases/download/v1.1.0/sd-v1.1.0-x86_64-unknown-linux-musl.tar.gz"

[tools."aqua:chmln/sd"."platforms.macos-arm64"]
checksum = "sha256:4bd3c09226376ca0a1d69589c91e86276fae36c5fbaaee669afce583f6682030"
url = "https://github.com/chmln/sd/releases/download/v1.1.0/sd-v1.1.0-aarch64-apple-darwin.tar.gz"

[tools."aqua:chmln/sd"."platforms.macos-x64"]
checksum = "sha256:1fca1e9c91813a8aac6821063c923107ba0f66a83309e095edcd3b202f67f97e"
url = "https://github.com/chmln/sd/releases/download/v1.1.0/sd-v1.1.0-x86_64-apple-darwin.tar.gz"

[tools."aqua:chmln/sd"."platforms.windows-x64"]
checksum = "sha256:59837c2e7c911099aca1cc46b663bcdc5a949fd3e9fbbaf34fc73e5d5d71007c"
url = "https://github.com/chmln/sd/releases/download/v1.1.0/sd-v1.1.0-x86_64-pc-windows-msvc.zip"

[[tools.aube]]
version = "1.3.0"
backend = "github:endevco/aube"

[tools.aube."platforms.linux-arm64"]
checksum = "sha256:770c4802423516953424f59baa83465354638b519a530b947156e1e556f516b3"
url = "https://github.com/endevco/aube/releases/download/v1.3.0/aube-v1.3.0-aarch64-unknown-linux-gnu.tar.gz"
url_api = "https://api.github.com/repos/endevco/aube/releases/assets/406850964"
provenance = "github-attestations"

[tools.aube."platforms.linux-x64"]
checksum = "sha256:ac7b248e1beb413eb3ed5169975dae167c2bbb5a3b990583c6fa849f92cb278f"
url = "https://github.com/endevco/aube/releases/download/v1.3.0/aube-v1.3.0-x86_64-unknown-linux-gnu.tar.gz"
url_api = "https://api.github.com/repos/endevco/aube/releases/assets/406850851"
provenance = "github-attestations"

[tools.aube."platforms.macos-arm64"]
checksum = "sha256:303696c15502a351e6acbecb24a896b4e69f54bc0041834c974417d227d9481f"
url = "https://github.com/endevco/aube/releases/download/v1.3.0/aube-v1.3.0-aarch64-apple-darwin.tar.gz"
url_api = "https://api.github.com/repos/endevco/aube/releases/assets/406852645"
provenance = "github-attestations"

[tools.aube."platforms.windows-x64"]
checksum = "sha256:89a057d432ec5ff4e234fc90f11c27ac53a05ba289db1740e3bbc1d2a41bf37f"
url = "https://github.com/endevco/aube/releases/download/v1.3.0/aube-v1.3.0-x86_64-pc-windows-msvc.zip"
url_api = "https://api.github.com/repos/endevco/aube/releases/assets/406853464"
provenance = "github-attestations"

[[tools.fd]]
version = "10.3.0"
backend = "aqua:sharkdp/fd"

[tools.fd."platforms.linux-arm64"]
checksum = "sha256:996b9b1366433b211cb3bbedba91c9dbce2431842144d925428ead0adf32020b"
url = "https://github.com/sharkdp/fd/releases/download/v10.3.0/fd-v10.3.0-aarch64-unknown-linux-musl.tar.gz"

[tools.fd."platforms.linux-x64"]
checksum = "sha256:2b6bfaae8c48f12050813c2ffe1884c61ea26e750d803df9c9114550a314cd14"
url = "https://github.com/sharkdp/fd/releases/download/v10.3.0/fd-v10.3.0-x86_64-unknown-linux-musl.tar.gz"

[tools.fd."platforms.macos-arm64"]
checksum = "sha256:0570263812089120bc2a5d84f9e65cd0c25e4a4d724c80075c357239c74ae904"
url = "https://github.com/sharkdp/fd/releases/download/v10.3.0/fd-v10.3.0-aarch64-apple-darwin.tar.gz"

[tools.fd."platforms.macos-x64"]
checksum = "sha256:50d30f13fe3d5914b14c4fff5abcbd4d0cdab4b855970a6956f4f006c17117a3"
url = "https://github.com/sharkdp/fd/releases/download/v10.3.0/fd-v10.3.0-x86_64-apple-darwin.tar.gz"

[tools.fd."platforms.windows-x64"]
checksum = "sha256:318aa2a6fa664325933e81fda60d523fff29444129e91ebf0726b5b3bcd8b059"
url = "https://github.com/sharkdp/fd/releases/download/v10.3.0/fd-v10.3.0-x86_64-pc-windows-msvc.zip"

[[tools."github:peak/s5cmd"]]
version = "2.3.0"
backend = "github:peak/s5cmd"

[tools."github:peak/s5cmd"."platforms.linux-arm64"]
checksum = "sha256:1439f0d00ecedcd2a2f1f2c6749bbb0152b2257bf5086f29646ec8ae38798e24"
url = "https://github.com/peak/s5cmd/releases/download/v2.3.0/s5cmd_2.3.0_Linux-arm64.tar.gz"
url_api = "https://api.github.com/repos/peak/s5cmd/releases/assets/213717270"

[tools."github:peak/s5cmd"."platforms.linux-x64"]
checksum = "sha256:81d02a17a13797dc5949adb99734ad4217d005638a7827f36d435945527b2e69"
url = "https://github.com/peak/s5cmd/releases/download/v2.3.0/s5cmd_2.3.0_linux_amd64.deb"
url_api = "https://api.github.com/repos/peak/s5cmd/releases/assets/213717284"

[tools."github:peak/s5cmd"."platforms.macos-arm64"]
checksum = "sha256:ae007bc96276f498ae3c1fb017e57630cf93ef260cfe7e97b365522e240c973f"
url = "https://github.com/peak/s5cmd/releases/download/v2.3.0/s5cmd_2.3.0_macOS-arm64.tar.gz"
url_api = "https://api.github.com/repos/peak/s5cmd/releases/assets/213717274"

[tools."github:peak/s5cmd"."platforms.macos-x64"]
checksum = "sha256:df6f76f6d317c4d051ad083219ed36eb8d8e5ebc55ceeeb91f5e66cdc3ac71fb"
url = "https://github.com/peak/s5cmd/releases/download/v2.3.0/s5cmd_2.3.0_macOS-64bit.tar.gz"
url_api = "https://api.github.com/repos/peak/s5cmd/releases/assets/213717268"

[tools."github:peak/s5cmd"."platforms.windows-x64"]
checksum = "sha256:a5ff4e82f679dbd45310a0d57519fcfe66c1df2703d883ff9f40a20db7e65fe8"
url = "https://github.com/peak/s5cmd/releases/download/v2.3.0/s5cmd_2.3.0_Windows-32bit.zip"
url_api = "https://api.github.com/repos/peak/s5cmd/releases/assets/213717277"

[[tools.hk]]
version = "1.44.1"
backend = "aqua:jdx/hk"

[tools.hk."platforms.linux-arm64"]
checksum = "sha256:248fae1d0cbc859c67f9e867e67e0cf69e5f93404c62c96efbe83f9ffe691442"
url = "https://github.com/jdx/hk/releases/download/v1.44.1/hk-aarch64-unknown-linux-gnu.tar.gz"

[tools.hk."platforms.linux-x64"]
checksum = "sha256:6c50ef086268b5470a0da421505f0694d6cefcc8271abb8b50f2e4e4ded35eb6"
url = "https://github.com/jdx/hk/releases/download/v1.44.1/hk-x86_64-unknown-linux-gnu.tar.gz"

[tools.hk."platforms.macos-arm64"]
checksum = "sha256:c8e317df71ef6f2faa646db1e433b2208e2a4de54a6298e0c510f27d8191924b"
url = "https://github.com/jdx/hk/releases/download/v1.44.1/hk-aarch64-apple-darwin.tar.gz"

[tools.hk."platforms.windows-x64"]
checksum = "sha256:1ded329d70266fc3c4fe319ca48678614532ea7187ffd785d820e01bcdbf7f58"
url = "https://github.com/jdx/hk/releases/download/v1.44.1/hk-x86_64-pc-windows-msvc.zip"

[[tools.node]]
version = "24.15.0"
backend = "core:node"

[tools.node."platforms.linux-arm64"]
checksum = "sha256:73afc234d558c24919875f51c2d1ea002a2ada4ea6f83601a383869fefa64eed"
url = "https://nodejs.org/dist/v24.15.0/node-v24.15.0-linux-arm64.tar.gz"

[tools.node."platforms.linux-x64"]
checksum = "sha256:44836872d9aec49f1e6b52a9a922872db9a2b02d235a616a5681b6a85fec8d89"
url = "https://nodejs.org/dist/v24.15.0/node-v24.15.0-linux-x64.tar.gz"

[tools.node."platforms.macos-arm64"]
checksum = "sha256:372331b969779ab5d15b949884fc6eaf88d5afe87bde8ba881d6400b9100ffc4"
url = "https://nodejs.org/dist/v24.15.0/node-v24.15.0-darwin-arm64.tar.gz"

[tools.node."platforms.macos-x64"]
checksum = "sha256:ffd5ee293467927f3ee731a553eb88fd1f48cf74eebc2d74a6babe4af228673b"
url = "https://nodejs.org/dist/v24.15.0/node-v24.15.0-darwin-x64.tar.gz"

[tools.node."platforms.windows-x64"]
checksum = "sha256:cc5149eabd53779ce1e7bdc5401643622d0c7e6800ade18928a767e940bb0e62"
url = "https://nodejs.org/dist/v24.15.0/node-v24.15.0-win-x64.zip"

[[tools.pkl]]
version = "0.31.1"
backend = "aqua:apple/pkl"

[tools.pkl."platforms.linux-arm64"]
checksum = "sha256:7ef10e743daa921fb94ae7bdb9ec6986f362bf250c55814b9ea2aeb13f2d083e"
url = "https://github.com/apple/pkl/releases/download/0.31.1/pkl-linux-aarch64"

[tools.pkl."platforms.linux-x64"]
checksum = "sha256:618f13955d755cafbfe8c9cba1d27635848cd49dbc6abffd398d2751db1231bf"
url = "https://github.com/apple/pkl/releases/download/0.31.1/pkl-linux-amd64"

[tools.pkl."platforms.macos-arm64"]
checksum = "sha256:1b6a5438d9624cd2798a7530721bbbfa27ef72efe5c878a1b6c546c6e7ca0e8f"
url = "https://github.com/apple/pkl/releases/download/0.31.1/pkl-macos-aarch64"

[tools.pkl."platforms.macos-x64"]
checksum = "sha256:22123ed4ae4c03afa8c54c69f77f0bec39b0fa0f67b09d6d148e0a376a2a471d"
url = "https://github.com/apple/pkl/releases/download/0.31.1/pkl-macos-amd64"

[tools.pkl."platforms.windows-x64"]
checksum = "sha256:a8834481667325b44c539dbb758d7365a16389070f343c04b639bbe525ede013"
url = "https://github.com/apple/pkl/releases/download/0.31.1/pkl-windows-amd64.exe"

[[tools.shellcheck]]
version = "0.11.0"
backend = "aqua:koalaman/shellcheck"

[tools.shellcheck."platforms.linux-arm64"]
checksum = "sha256:12b331c1d2db6b9eb13cfca64306b1b157a86eb69db83023e261eaa7e7c14588"
url = "https://github.com/koalaman/shellcheck/releases/download/v0.11.0/shellcheck-v0.11.0.linux.aarch64.tar.xz"

[tools.shellcheck."platforms.linux-x64"]
checksum = "sha256:8c3be12b05d5c177a04c29e3c78ce89ac86f1595681cab149b65b97c4e227198"
url = "https://github.com/koalaman/shellcheck/releases/download/v0.11.0/shellcheck-v0.11.0.linux.x86_64.tar.xz"

[tools.shellcheck."platforms.macos-arm64"]
checksum = "sha256:56affdd8de5527894dca6dc3d7e0a99a873b0f004d7aabc30ae407d3f48b0a79"
url = "https://github.com/koalaman/shellcheck/releases/download/v0.11.0/shellcheck-v0.11.0.darwin.aarch64.tar.xz"

[tools.shellcheck."platforms.macos-x64"]
checksum = "sha256:3c89db4edcab7cf1c27bff178882e0f6f27f7afdf54e859fa041fca10febe4c6"
url = "https://github.com/koalaman/shellcheck/releases/download/v0.11.0/shellcheck-v0.11.0.darwin.x86_64.tar.xz"

[tools.shellcheck."platforms.windows-x64"]
checksum = "sha256:8a4e35ab0b331c85d73567b12f2a444df187f483e5079ceffa6bda1faa2e740e"
url = "https://github.com/koalaman/shellcheck/releases/download/v0.11.0/shellcheck-v0.11.0.zip"

[[tools.shfmt]]
version = "3.13.1"
backend = "aqua:mvdan/sh"

[tools.shfmt."platforms.linux-arm64"]
checksum = "sha256:32d92acaa5cd8abb29fc49dac123dc412442d5713967819d8af2c29f1b3857c7"
url = "https://github.com/mvdan/sh/releases/download/v3.13.1/shfmt_v3.13.1_linux_arm64"

[tools.shfmt."platforms.linux-x64"]
checksum = "sha256:fb096c5d1ac6beabbdbaa2874d025badb03ee07929f0c9ff67563ce8c75398b1"
url = "https://github.com/mvdan/sh/releases/download/v3.13.1/shfmt_v3.13.1_linux_amd64"

[tools.shfmt."platforms.macos-arm64"]
checksum = "sha256:9680526be4a66ea1ffe988ed08af58e1400fe1e4f4aef5bd88b20bb9b3da33f8"
url = "https://github.com/mvdan/sh/releases/download/v3.13.1/shfmt_v3.13.1_darwin_arm64"

[tools.shfmt."platforms.macos-x64"]
checksum = "sha256:6feedafc72915794163114f512348e2437d080d0047ef8b8fa2ec63b575f12af"
url = "https://github.com/mvdan/sh/releases/download/v3.13.1/shfmt_v3.13.1_darwin_amd64"

[tools.shfmt."platforms.windows-x64"]
checksum = "sha256:60cd368533d0ad73fa86d93d5bbf95ef40587245ce684ed138c1b31557b5fe97"
url = "https://github.com/mvdan/sh/releases/download/v3.13.1/shfmt_v3.13.1_windows_amd64.exe"

[[tools.uv]]
version = "0.11.2"
backend = "aqua:astral-sh/uv"

[tools.uv."platforms.linux-arm64"]
checksum = "sha256:275d91dd1f1955136591e7ec5e1fa21e84d0d37ead7da7c35c3683df748d9855"
url = "https://github.com/astral-sh/uv/releases/download/0.11.2/uv-aarch64-unknown-linux-musl.tar.gz"
provenance = "github-attestations"

[tools.uv."platforms.linux-x64"]
checksum = "sha256:4700d9fc75734247587deb3e25dd2c6c24f4ac69e8fe91d6acad4a6013115c06"
url = "https://github.com/astral-sh/uv/releases/download/0.11.2/uv-x86_64-unknown-linux-musl.tar.gz"
provenance = "github-attestations"

[tools.uv."platforms.macos-arm64"]
checksum = "sha256:4beaa9550f93ef7f0fc02f7c28c9c48cd61fe30db00f5ac8947e0a425c3fb282"
url = "https://github.com/astral-sh/uv/releases/download/0.11.2/uv-aarch64-apple-darwin.tar.gz"
provenance = "github-attestations"

[tools.uv."platforms.macos-x64"]
checksum = "sha256:a9c3653245031304c50dd60ac0301bf6c112e12c38c32302a71d4fa6a63ba2cb"
url = "https://github.com/astral-sh/uv/releases/download/0.11.2/uv-x86_64-apple-darwin.tar.gz"
provenance = "github-attestations"

[tools.uv."platforms.windows-x64"]
checksum = "sha256:171b7ccda1bbd562da6babeffcf533a1c6cc7862cf998da826e1db534fc43e48"
url = "https://github.com/astral-sh/uv/releases/download/0.11.2/uv-x86_64-pc-windows-msvc.zip"
provenance = "github-attestations"

[[tools.wait-for-gh-rate-limit]]
version = "1.1.1"
backend = "github:jdx/wait-for-gh-rate-limit"

[tools.wait-for-gh-rate-limit."platforms.linux-arm64"]
checksum = "sha256:156016c123e3a979c1e648b9c482338ba7cc0552028ba241eda1bcf9cf7e69e8"
url = "https://github.com/jdx/wait-for-gh-rate-limit/releases/download/v1.1.1/wait-for-gh-rate-limit-aarch64-unknown-linux-gnu.tar.gz"
url_api = "https://api.github.com/repos/jdx/wait-for-gh-rate-limit/releases/assets/337588000"

[tools.wait-for-gh-rate-limit."platforms.linux-x64"]
checksum = "sha256:90668d96b9f0485050c281d72797aa1c09e3d75196aca330a1b9fd4426778641"
url = "https://github.com/jdx/wait-for-gh-rate-limit/releases/download/v1.1.1/wait-for-gh-rate-limit-x86_64-unknown-linux-gnu.tar.gz"
url_api = "https://api.github.com/repos/jdx/wait-for-gh-rate-limit/releases/assets/337587818"

[tools.wait-for-gh-rate-limit."platforms.macos-arm64"]
checksum = "sha256:266bb0edf065994b5a4b75c91adbae3e94c042ded1de03c00a1673c68409b77e"
url = "https://github.com/jdx/wait-for-gh-rate-limit/releases/download/v1.1.1/wait-for-gh-rate-limit-aarch64-apple-darwin.tar.gz"
url_api = "https://api.github.com/repos/jdx/wait-for-gh-rate-limit/releases/assets/337588442"

[tools.wait-for-gh-rate-limit."platforms.windows-x64"]
checksum = "sha256:1e52ba1857d3918b54c336de32028abf5f03b8e16745413e573e4153ab9a92e2"
url = "https://github.com/jdx/wait-for-gh-rate-limit/releases/download/v1.1.1/wait-for-gh-rate-limit-x86_64-pc-windows-msvc.zip"
url_api = "https://api.github.com/repos/jdx/wait-for-gh-rate-limit/releases/assets/337588993"
